[[package]]
category = "main"
description = "Cross-platform network interface and IP address enumeration library"
name = "ifaddr"
optional = false
python-versions = "*"
version = "0.1.7"

[[package]]
category = "main"
description = "IKEA Trådfri/Tradfri API. Control and observe your lights from Python."
name = "pytradfri"
optional = false
python-versions = ">=3.7"
version = "7.0.6"

[package.extras]
async = ["aiocoap (0.4b3)", "DTLSSocket (0.1.12)"]

[[package]]
category = "main"
description = "API rate limit decorator"
name = "ratelimit"
optional = false
python-versions = "*"
version = "2.2.1"

[[package]]
category = "main"
description = "Pure Python Multicast DNS Service Discovery Library (Bonjour/Avahi compatible)"
name = "zeroconf"
optional = false
python-versions = "*"
version = "0.30.0"

[package.dependencies]
ifaddr = ">=0.1.7"

[metadata]
content-hash = "b4fd80004e502be469c686b8f3adb10c1f42d663909bd078715eea5f507f55d4"
lock-version = "1.0"
python-versions = "^3.7"

[metadata.files]
ifaddr = [
    {file = "ifaddr-0.1.7-py2.py3-none-any.whl", hash = "sha256:d1f603952f0a71c9ab4e705754511e4e03b02565bc4cec7188ad6415ff534cd3"},
    {file = "ifaddr-0.1.7.tar.gz", hash = "sha256:1f9e8a6ca6f16db5a37d3356f07b6e52344f6f9f7e806d618537731669eb1a94"},
]
pytradfri = [
    {file = "pytradfri-7.0.6-py3-none-any.whl", hash = "sha256:84b8eee686e4102bdfedb74352b5d4097508428936d96643d5880768aed95008"},
    {file = "pytradfri-7.0.6.tar.gz", hash = "sha256:608f03a9219c460e480a2faf90f9ad9c4aa6f9fa0b22134f8dd182f96386214a"},
]
ratelimit = [
    {file = "ratelimit-2.2.1.tar.gz", hash = "sha256:af8a9b64b821529aca09ebaf6d8d279100d766f19e90b5059ac6a718ca6dee42"},
]
zeroconf = [
    {file = "zeroconf-0.30.0-py3-none-any.whl", hash = "sha256:4dedcf1d46404702fcbb8d40750afc47c4edcdb8ef16db461cb3355989a5eadb"},
    {file = "zeroconf-0.30.0.tar.gz", hash = "sha256:7a5a6366ae05a48db04dfd5c8882ee98a13f2d0e1fc6d09a5f1bd0a3d1d109c7"},
]
